
Microsoft Visual Studio Solution File, Format Version 12.00
# Visual Studio Version 17
VisualStudioVersion = 17.9.34622.214
MinimumVisualStudioVersion = 10.0.40219.1
Project("{9A19103F-16F7-4668-BE54-9A1E7A4F7556}") = "TaskApp.Data", "TaskApp.Data\TaskApp.Data.csproj", "{01EF6F2A-2885-426F-ABD8-12C67719C78C}"
EndProject
Project("{9A19103F-16F7-4668-BE54-9A1E7A4F7556}") = "TaskApp.Api", "TaskApp.Api\TaskApp.Api.csproj", "{4939195B-BA05-4758-86BE-ED6103E364A2}"
EndProject
Global
	GlobalSection(SolutionConfigurationPlatforms) = preSolution
		Debug|Any CPU = Debug|Any CPU
		Release|Any CPU = Release|Any CPU
	EndGlobalSection
	GlobalSection(ProjectConfigurationPlatforms) = postSolution
		{01EF6F2A-2885-426F-ABD8-12C67719C78C}.Debug|Any CPU.ActiveCfg = Debug|Any CPU
		{01EF6F2A-2885-426F-ABD8-12C67719C78C}.Debug|Any CPU.Build.0 = Debug|Any CPU
		{01EF6F2A-2885-426F-ABD8-12C67719C78C}.Release|Any CPU.ActiveCfg = Release|Any CPU
		{01EF6F2A-2885-426F-ABD8-12C67719C78C}.Release|Any CPU.Build.0 = Release|Any CPU
		{4939195B-BA05-4758-86BE-ED6103E364A2}.Debug|Any CPU.ActiveCfg = Debug|Any CPU
		{4939195B-BA05-4758-86BE-ED6103E364A2}.Debug|Any CPU.Build.0 = Debug|Any CPU
		{4939195B-BA05-4758-86BE-ED6103E364A2}.Release|Any CPU.ActiveCfg = Release|Any CPU
		{4939195B-BA05-4758-86BE-ED6103E364A2}.Release|Any CPU.Build.0 = Release|Any CPU
	EndGlobalSection
	GlobalSection(SolutionProperties) = preSolution
		HideSolutionNode = FALSE
	EndGlobalSection
	GlobalSection(ExtensibilityGlobals) = postSolution
		SolutionGuid = {6E23D807-1BFA-4E56-AF5F-A9BC0BB4E694}
	EndGlobalSection
EndGlobal
